
Microsoft Visual Studio Solution File, Format Version 12.00
# Visual Studio Version 17
VisualStudioVersion = 17.11.35312.102
MinimumVisualStudioVersion = 10.0.40219.1
Project("{FAE04EC0-301F-11D3-BF4B-00C04F79EFBC}") = "MyShopCart", "MyShopCart\MyShopCart.csproj", "{EA18F184-9330-4D39-8873-066E418B3BDB}"
EndProject
Global
	GlobalSection(SolutionConfigurationPlatforms) = preSolution
		Debug|Any CPU = Debug|Any CPU
		Release|Any CPU = Release|Any CPU
	EndGlobalSection
	GlobalSection(ProjectConfigurationPlatforms) = postSolution
		{EA18F184-9330-4D39-8873-066E418B3BDB}.Debug|Any CPU.ActiveCfg = Debug|Any CPU
		{EA18F184-9330-4D39-8873-066E418B3BDB}.Debug|Any CPU.Build.0 = Debug|Any CPU
		{EA18F184-9330-4D39-8873-066E418B3BDB}.Release|Any CPU.ActiveCfg = Release|Any CPU
		{EA18F184-9330-4D39-8873-066E418B3BDB}.Release|Any CPU.Build.0 = Release|Any CPU
	EndGlobalSection
	GlobalSection(SolutionProperties) = preSolution
		HideSolutionNode = FALSE
	EndGlobalSection
	GlobalSection(ExtensibilityGlobals) = postSolution
		SolutionGuid = {C7C44FF2-E9BD-4582-BD7D-608303EAA918}
	EndGlobalSection
EndGlobal
